// !$*UTF8*$!
{
	archiveVersion = 1;
	classes = {};
	objectVersion = 56;
	objects = {
		0035FE99EA2940F7FA633A58 = { isa = PBXGroup; children = (D0E6539180C8C3C4697F0ED6, 1E417F0CA47A635F48444327, 2B662C191B1DAC382BF421FB, 0A3E27B8CA818264D75C8D81,); sourceTree = "<group>"; };
		03F1173C776A6CD755E1EBD5 = { isa = PBXContainerItemProxy; containerPortal = 244210E48437B6556980A702; proxyType = 1; remoteGlobalIDString = 8B0BB1B10533A8A8777D7069; remoteInfo = MiDinero; };
		04ACAA16556D2FCC8E13BCBF = { isa = PBXNativeTarget; buildConfigurationList = 65560A827BCDA39AB5035282; buildPhases = (B4AD80DA7912DEC27554DB33, 348110833FF703E860F3F941, 110D23E799541F05C3C6A889,); buildRules = (); dependencies = (D8BA47B3CB33709D9D3442C7,); name = MiDineroUITests; productName = MiDineroUITests; productReference = 41A7E1C132463A3370D43C2D; productType = "com.apple.product-type.bundle.ui-testing"; };
		06C28BC8B7EDEB26A2E72C54 = { isa = PBXBuildFile; fileRef = 71D38AB04ADA7AD70C9749E2; };
		08B0FEC088A904847DF3627B = { isa = PBXFileReference; lastKnownFileType = sourcecode.swift; path = "MiDineroTests/Core/MonthlySummaryTests.swift"; sourceTree = "<group>"; };
		0A3E27B8CA818264D75C8D81 = { isa = PBXGroup; children = (BCD92062FEF2CE2CD38B988B, 50B143C9ADFA39F809617292, 41A7E1C132463A3370D43C2D,); name = Products; sourceTree = "<group>"; };
		10F65B980105E5864365E5F1 = { isa = PBXContainerItemProxy; containerPortal = 244210E48437B6556980A702; proxyType = 1; remoteGlobalIDString = 8B0BB1B10533A8A8777D7069; remoteInfo = MiDinero; };
		110D23E799541F05C3C6A889 = { isa = PBXResourcesBuildPhase; buildActionMask = 2147483647; files = (); runOnlyForDeploymentPostprocessing = 0; };
		14127A4965BC9490DBDE9567 = { isa = PBXFileReference; lastKnownFileType = sourcecode.swift; path = "MiDinero/Features/Home/HomeView.swift"; sourceTree = "<group>"; };
		14994569DEA66AECFC58414A = { isa = PBXFileReference; lastKnownFileType = sourcecode.swift; path = "MiDinero/Domain/TransactionRecord.swift"; sourceTree = "<group>"; };
		19191A009AE9657351C8D51F = { isa = PBXBuildFile; fileRef = 4EBC7E6A84649F243865CBCB; };
		1C25FB35DD9E550B497E6A96 = { isa = PBXBuildFile; fileRef = AAD9E0B5E96870F2E0FF80A4; };
		1E417F0CA47A635F48444327 = { isa = PBXGroup; children = (5FC7D7177EA66D6EA39F000C, B7C32A8934011557E2419C3A, AA7C68307ADB6E2F9FF7CE48, 08B0FEC088A904847DF3627B, 6CF256077570B48EFD14D5FD, AAD9E0B5E96870F2E0FF80A4,); name = MiDineroTests; sourceTree = "<group>"; };
		1E6EF2502F6B25CFB40BBBF4 = { isa = PBXNativeTarget; buildConfigurationList = 3631A767F511EE6E44951D87; buildPhases = (CAD930875BBD80A50EDC96B7, 3A44F4BD9146090D7E6C5D98, F0C5189D5DE8EF25456978C9,); buildRules = (); dependencies = (D94111737A4004C3E9EF6E15,); name = MiDineroTests; productName = MiDineroTests; productReference = 50B143C9ADFA39F809617292; productType = "com.apple.product-type.bundle.unit-test"; };
		2137C5C03E7BB6AEE5E39523 = { isa = PBXBuildFile; fileRef = 14127A4965BC9490DBDE9567; };
		225DB36E05CB8676763206D8 = { isa = PBXFileReference; lastKnownFileType = sourcecode.swift; path = "MiDinero/App/LedgerStore.swift"; sourceTree = "<group>"; };
		233DC68AB5938FCF9007B69D = { isa = PBXBuildFile; fileRef = 406A9FE62DB3951F50E5F6FF; };
		244210E48437B6556980A702 = { isa = PBXProject; attributes = { BuildIndependentTargetsInParallel = YES; LastUpgradeCheck = 1600; TargetAttributes = { 8B0BB1B10533A8A8777D7069 = { CreatedOnToolsVersion = 16.0; }; 1E6EF2502F6B25CFB40BBBF4 = { CreatedOnToolsVersion = 16.0; TestTargetID = 8B0BB1B10533A8A8777D7069; }; 04ACAA16556D2FCC8E13BCBF = { CreatedOnToolsVersion = 16.0; TestTargetID = 8B0BB1B10533A8A8777D7069; }; }; }; buildConfigurationList = AAB2723FF2C8E6D1C298C1E4; compatibilityVersion = "Xcode 14.0"; developmentRegion = es; hasScannedForEncodings = 0; knownRegions = (es, Base); mainGroup = 0035FE99EA2940F7FA633A58; productRefGroup = 0A3E27B8CA818264D75C8D81; projectDirPath = ""; projectRoot = ""; targets = (8B0BB1B10533A8A8777D7069, 1E6EF2502F6B25CFB40BBBF4, 04ACAA16556D2FCC8E13BCBF,); };
		27289A688A121BDC4771561A = { isa = XCBuildConfiguration; buildSettings = { ASSETCATALOG_COMPILER_APPICON_NAME = "AppIcon"; CODE_SIGN_STYLE = "Automatic"; CURRENT_PROJECT_VERSION = "1"; ENABLE_PREVIEWS = "YES"; GENERATE_INFOPLIST_FILE = "NO"; INFOPLIST_FILE = "MiDinero/Resources/Info.plist"; IPHONEOS_DEPLOYMENT_TARGET = "17.0"; LD_RUNPATH_SEARCH_PATHS = "$(inherited) @executable_path/Frameworks"; MARKETING_VERSION = "0.1.0"; OTHER_SWIFT_FLAGS = "$(inherited) -enable-upcoming-feature InferSendableFromCaptures"; PRODUCT_BUNDLE_IDENTIFIER = "com.eduardo.MiDinero"; PRODUCT_NAME = "$(TARGET_NAME)"; SKIP_INSTALL = "NO"; SUPPORTED_PLATFORMS = "iphoneos iphonesimulator"; SUPPORTS_MACCATALYST = "NO"; SUPPORTS_MAC_DESIGNED_FOR_IPHONE_IPAD = "NO"; SWIFT_EMIT_LOC_STRINGS = "YES"; SWIFT_STRICT_CONCURRENCY = "complete"; SWIFT_VERSION = "5.0"; TARGETED_DEVICE_FAMILY = "1"; }; name = Release; };
		29912DD77E3BB4D3D94F3136 = { isa = PBXBuildFile; fileRef = B7C32A8934011557E2419C3A; };
		2A304C7DFDDB6F8A16DC434C = { isa = PBXBuildFile; fileRef = 08B0FEC088A904847DF3627B; };
		2B662C191B1DAC382BF421FB = { isa = PBXGroup; children = (4C042233F3C6F4E52488A186,); name = MiDineroUITests; sourceTree = "<group>"; };
		2EE8D417A18E72C5BDEB59EB = { isa = PBXFileReference; lastKnownFileType = sourcecode.swift; path = "MiDinero/Domain/CategoryInfo.swift"; sourceTree = "<group>"; };
		31B6EB966514AB74B82E9B7C = { isa = XCBuildConfiguration; buildSettings = { ALWAYS_SEARCH_USER_PATHS = "NO"; CLANG_ENABLE_MODULES = "YES"; CLANG_ENABLE_OBJC_ARC = "YES"; CLANG_WARN_DOCUMENTATION_COMMENTS = "YES"; CLANG_WARN_QUOTED_INCLUDE_IN_FRAMEWORK_HEADER = "YES"; COPY_PHASE_STRIP = "YES"; DEBUG_INFORMATION_FORMAT = "dwarf-with-dsym"; ENABLE_STRICT_OBJC_MSGSEND = "YES"; ENABLE_TESTABILITY = "NO"; IPHONEOS_DEPLOYMENT_TARGET = "17.0"; ONLY_ACTIVE_ARCH = "NO"; SDKROOT = "iphoneos"; SWIFT_ACTIVE_COMPILATION_CONDITIONS = "$(inherited)"; SWIFT_COMPILATION_MODE = "wholemodule"; SWIFT_OPTIMIZATION_LEVEL = "-O"; }; name = Release; };
		348110833FF703E860F3F941 = { isa = PBXFrameworksBuildPhase; buildActionMask = 2147483647; files = (); runOnlyForDeploymentPostprocessing = 0; };
		3631A767F511EE6E44951D87 = { isa = XCConfigurationList; buildConfigurations = (5F402B32E0B66EA2CC2BB87F, FE0DF5EDDCDC4B4027F739F8,); defaultConfigurationIsVisible = 0; defaultConfigurationName = Release; };
		36E09044EB74C5F86A0D3524 = { isa = XCBuildConfiguration; buildSettings = { ALWAYS_SEARCH_USER_PATHS = "NO"; CLANG_ENABLE_MODULES = "YES"; CLANG_ENABLE_OBJC_ARC = "YES"; CLANG_WARN_DOCUMENTATION_COMMENTS = "YES"; CLANG_WARN_QUOTED_INCLUDE_IN_FRAMEWORK_HEADER = "YES"; COPY_PHASE_STRIP = "NO"; DEBUG_INFORMATION_FORMAT = "dwarf"; ENABLE_STRICT_OBJC_MSGSEND = "YES"; ENABLE_TESTABILITY = "YES"; IPHONEOS_DEPLOYMENT_TARGET = "17.0"; ONLY_ACTIVE_ARCH = "YES"; SDKROOT = "iphoneos"; SWIFT_ACTIVE_COMPILATION_CONDITIONS = "DEBUG $(inherited)"; SWIFT_COMPILATION_MODE = "incremental"; SWIFT_OPTIMIZATION_LEVEL = "-Onone"; }; name = Debug; };
		3A44F4BD9146090D7E6C5D98 = { isa = PBXFrameworksBuildPhase; buildActionMask = 2147483647; files = (); runOnlyForDeploymentPostprocessing = 0; };
		3BE1377FEC4B2B9B9D6F9362 = { isa = PBXFileReference; lastKnownFileType = sourcecode.swift; path = "MiDinero/Intents/MiDineroShortcuts.swift"; sourceTree = "<group>"; };
		3E5D3083A8EF1080D64ECAB0 = { isa = PBXBuildFile; fileRef = 4C2E22E2F3FCA0BB5ADE47D6; };
		3EB66CE6ABFA98D2E482D041 = { isa = PBXBuildFile; fileRef = 6CF256077570B48EFD14D5FD; };
		406A9FE62DB3951F50E5F6FF = { isa = PBXFileReference; lastKnownFileType = sourcecode.swift; path = "MiDinero/Features/Reports/MonthlyReportView.swift"; sourceTree = "<group>"; };
		41A7E1C132463A3370D43C2D = { isa = PBXFileReference; explicitFileType = wrapper.cfbundle; includeInIndex = 0; path = MiDineroUITests.xctest; sourceTree = BUILT_PRODUCTS_DIR; };
		470512A40694D88918A4CB13 = { isa = PBXFileReference; lastKnownFileType = text.plist.xml; path = "MiDinero/Resources/PrivacyInfo.xcprivacy"; sourceTree = "<group>"; };
		4B1051FD0AB5AF2CD3E9977E = { isa = PBXFileReference; lastKnownFileType = sourcecode.swift; path = "MiDinero/Services/TransactionExporter.swift"; sourceTree = "<group>"; };
		4B47DC6EDB9CC02F0427C159 = { isa = PBXBuildFile; fileRef = 6429E2BB84C059CF3680A376; };
		4C042233F3C6F4E52488A186 = { isa = PBXFileReference; lastKnownFileType = sourcecode.swift; path = "MiDineroUITests/MiDineroUITests.swift"; sourceTree = "<group>"; };
		4C2E22E2F3FCA0BB5ADE47D6 = { isa = PBXFileReference; lastKnownFileType = folder.assetcatalog; path = "MiDinero/Resources/Assets.xcassets"; sourceTree = "<group>"; };
		4D1259DD5F67D431C43C2734 = { isa = PBXBuildFile; fileRef = 5098E64B888F5515D595C37A; };
		4EBC7E6A84649F243865CBCB = { isa = PBXFileReference; lastKnownFileType = sourcecode.swift; path = "MiDinero/Domain/Money.swift"; sourceTree = "<group>"; };
		5098E64B888F5515D595C37A = { isa = PBXFileReference; lastKnownFileType = sourcecode.swift; path = "MiDinero/Features/Transactions/TransactionEditorView.swift"; sourceTree = "<group>"; };
		50B143C9ADFA39F809617292 = { isa = PBXFileReference; explicitFileType = wrapper.cfbundle; includeInIndex = 0; path = MiDineroTests.xctest; sourceTree = BUILT_PRODUCTS_DIR; };
		5123AED3671A6114B5B9D9D9 = { isa = XCConfigurationList; buildConfigurations = (F0A50DA798D70CE613FC431C, 27289A688A121BDC4771561A,); defaultConfigurationIsVisible = 0; defaultConfigurationName = Release; };
		5B20B9EC6AA74BA94DCFC604 = { isa = PBXBuildFile; fileRef = 7E76A85D3A19E6BDF70E1062; };
		5D7A98A3314A310E10FA4A6A = { isa = PBXBuildFile; fileRef = 5FC7D7177EA66D6EA39F000C; };
		5D8E190B8D61E0E83A15C2FA = { isa = PBXBuildFile; fileRef = 9DFD72BC5FC261A7708A0F22; };
		5ED06FAECC64AAE330F3C5D8 = { isa = PBXBuildFile; fileRef = 4C042233F3C6F4E52488A186; };
		5F402B32E0B66EA2CC2BB87F = { isa = XCBuildConfiguration; buildSettings = { BUNDLE_LOADER = "$(TEST_HOST)"; CODE_SIGN_STYLE = "Automatic"; CURRENT_PROJECT_VERSION = "1"; GENERATE_INFOPLIST_FILE = "YES"; IPHONEOS_DEPLOYMENT_TARGET = "17.0"; LD_RUNPATH_SEARCH_PATHS = "$(inherited) @executable_path/Frameworks @loader_path/Frameworks"; MARKETING_VERSION = "0.1.0"; OTHER_SWIFT_FLAGS = "$(inherited) -enable-upcoming-feature InferSendableFromCaptures"; PRODUCT_BUNDLE_IDENTIFIER = "com.eduardo.MiDinero.MiDineroTests"; PRODUCT_NAME = "$(TARGET_NAME)"; SKIP_INSTALL = "YES"; SUPPORTED_PLATFORMS = "iphoneos iphonesimulator"; SUPPORTS_MACCATALYST = "NO"; SWIFT_STRICT_CONCURRENCY = "complete"; SWIFT_VERSION = "5.0"; TARGETED_DEVICE_FAMILY = "1"; TEST_HOST = "$(BUILT_PRODUCTS_DIR)/MiDinero.app/MiDinero"; }; name = Debug; };
		5FC7D7177EA66D6EA39F000C = { isa = PBXFileReference; lastKnownFileType = sourcecode.swift; path = "MiDineroTests/AppIntentTests.swift"; sourceTree = "<group>"; };
		6429E2BB84C059CF3680A376 = { isa = PBXFileReference; lastKnownFileType = sourcecode.swift; path = "MiDinero/Intents/RegisterExpenseIntent.swift"; sourceTree = "<group>"; };
		65560A827BCDA39AB5035282 = { isa = XCConfigurationList; buildConfigurations = (8D22281FE122D0E0D992725C, A7651996C7B7ED1018780B08,); defaultConfigurationIsVisible = 0; defaultConfigurationName = Release; };
		68A8D0EBFD67D9965CE5C637 = { isa = PBXFileReference; lastKnownFileType = sourcecode.swift; path = "MiDinero/Features/Transactions/TransactionsView.swift"; sourceTree = "<group>"; };
		6CF256077570B48EFD14D5FD = { isa = PBXFileReference; lastKnownFileType = sourcecode.swift; path = "MiDineroTests/Core/TestFixtures.swift"; sourceTree = "<group>"; };
		6D711679F940E6B4040A26C4 = { isa = PBXBuildFile; fileRef = 3BE1377FEC4B2B9B9D6F9362; };
		70DBE92B4B90DE42EA1EEB08 = { isa = PBXFileReference; lastKnownFileType = sourcecode.swift; path = "MiDinero/Persistence/Models.swift"; sourceTree = "<group>"; };
		71D38AB04ADA7AD70C9749E2 = { isa = PBXFileReference; lastKnownFileType = sourcecode.swift; path = "MiDinero/Intents/ExpenseCategoryEntity.swift"; sourceTree = "<group>"; };
		72FFA7FC07A74F62022D6C1F = { isa = PBXBuildFile; fileRef = 2EE8D417A18E72C5BDEB59EB; };
		7DB56C557A1FFF02F11A0571 = { isa = PBXBuildFile; fileRef = BC35A8661EC45F9455DF8BFA; };
		7E76A85D3A19E6BDF70E1062 = { isa = PBXFileReference; lastKnownFileType = sourcecode.swift; path = "MiDinero/Persistence/TransactionRepository.swift"; sourceTree = "<group>"; };
		7F1605CAE5F4CB6109D741BA = { isa = PBXFileReference; lastKnownFileType = sourcecode.swift; path = "MiDinero/Features/Shared/TransactionRow.swift"; sourceTree = "<group>"; };
		856A2B109E1CC645E6142087 = { isa = PBXBuildFile; fileRef = 4B1051FD0AB5AF2CD3E9977E; };
		8576E32C3C8CFF9591735F01 = { isa = PBXFrameworksBuildPhase; buildActionMask = 2147483647; files = (); runOnlyForDeploymentPostprocessing = 0; };
		8A4E38296EA148A818460AFD = { isa = PBXBuildFile; fileRef = AE3E78CAD04E5CCD8B9A58A2; };
		8B0BB1B10533A8A8777D7069 = { isa = PBXNativeTarget; buildConfigurationList = 5123AED3671A6114B5B9D9D9; buildPhases = (8C05B35FE30A208D2FFC0AEF, 8576E32C3C8CFF9591735F01, A09640FF9AD773D9F6AD1D87,); buildRules = (); dependencies = (); name = MiDinero; productName = MiDinero; productReference = BCD92062FEF2CE2CD38B988B; productType = "com.apple.product-type.application"; };
		8C05B35FE30A208D2FFC0AEF = { isa = PBXSourcesBuildPhase; buildActionMask = 2147483647; files = (B23AFC430E4C9C7EADF8208D, EAE12F8D3AC5EA2B64691B37, 8A4E38296EA148A818460AFD, 72FFA7FC07A74F62022D6C1F, 19191A009AE9657351C8D51F, 5D8E190B8D61E0E83A15C2FA, F76DEFFFC587806F5200FC49, 2137C5C03E7BB6AEE5E39523, 233DC68AB5938FCF9007B69D, EB7D4B0574EE0E14CEAA4E4B, 7DB56C557A1FFF02F11A0571, 4D1259DD5F67D431C43C2734, C85CCAE1EA53AEEFDD8DBD60, 06C28BC8B7EDEB26A2E72C54, 6D711679F940E6B4040A26C4, 4B47DC6EDB9CC02F0427C159, A7729634055117B696FA372F, ED538F0883C4E3911AB96344, 5B20B9EC6AA74BA94DCFC604, 856A2B109E1CC645E6142087,); runOnlyForDeploymentPostprocessing = 0; };
		8D22281FE122D0E0D992725C = { isa = XCBuildConfiguration; buildSettings = { CODE_SIGN_STYLE = "Automatic"; CURRENT_PROJECT_VERSION = "1"; GENERATE_INFOPLIST_FILE = "YES"; IPHONEOS_DEPLOYMENT_TARGET = "17.0"; LD_RUNPATH_SEARCH_PATHS = "$(inherited) @executable_path/Frameworks @loader_path/Frameworks"; MARKETING_VERSION = "0.1.0"; OTHER_SWIFT_FLAGS = "$(inherited) -enable-upcoming-feature InferSendableFromCaptures"; PRODUCT_BUNDLE_IDENTIFIER = "com.eduardo.MiDinero.MiDineroUITests"; PRODUCT_NAME = "$(TARGET_NAME)"; SKIP_INSTALL = "YES"; SUPPORTED_PLATFORMS = "iphoneos iphonesimulator"; SUPPORTS_MACCATALYST = "NO"; SWIFT_STRICT_CONCURRENCY = "complete"; SWIFT_VERSION = "5.0"; TARGETED_DEVICE_FAMILY = "1"; TEST_TARGET_NAME = "MiDinero"; }; name = Debug; };
		9DFD72BC5FC261A7708A0F22 = { isa = PBXFileReference; lastKnownFileType = sourcecode.swift; path = "MiDinero/Domain/MonthlySummary.swift"; sourceTree = "<group>"; };
		A09640FF9AD773D9F6AD1D87 = { isa = PBXResourcesBuildPhase; buildActionMask = 2147483647; files = (3E5D3083A8EF1080D64ECAB0, A75843377E7BB7CCA7996688,); runOnlyForDeploymentPostprocessing = 0; };
		A75843377E7BB7CCA7996688 = { isa = PBXBuildFile; fileRef = 470512A40694D88918A4CB13; };
		A7651996C7B7ED1018780B08 = { isa = XCBuildConfiguration; buildSettings = { CODE_SIGN_STYLE = "Automatic"; CURRENT_PROJECT_VERSION = "1"; GENERATE_INFOPLIST_FILE = "YES"; IPHONEOS_DEPLOYMENT_TARGET = "17.0"; LD_RUNPATH_SEARCH_PATHS = "$(inherited) @executable_path/Frameworks @loader_path/Frameworks"; MARKETING_VERSION = "0.1.0"; OTHER_SWIFT_FLAGS = "$(inherited) -enable-upcoming-feature InferSendableFromCaptures"; PRODUCT_BUNDLE_IDENTIFIER = "com.eduardo.MiDinero.MiDineroUITests"; PRODUCT_NAME = "$(TARGET_NAME)"; SKIP_INSTALL = "YES"; SUPPORTED_PLATFORMS = "iphoneos iphonesimulator"; SUPPORTS_MACCATALYST = "NO"; SWIFT_STRICT_CONCURRENCY = "complete"; SWIFT_VERSION = "5.0"; TARGETED_DEVICE_FAMILY = "1"; TEST_TARGET_NAME = "MiDinero"; }; name = Release; };
		A7729634055117B696FA372F = { isa = PBXBuildFile; fileRef = 70DBE92B4B90DE42EA1EEB08; };
		AA7C68307ADB6E2F9FF7CE48 = { isa = PBXFileReference; lastKnownFileType = sourcecode.swift; path = "MiDineroTests/Core/MoneyTests.swift"; sourceTree = "<group>"; };
		AAB2723FF2C8E6D1C298C1E4 = { isa = XCConfigurationList; buildConfigurations = (36E09044EB74C5F86A0D3524, 31B6EB966514AB74B82E9B7C,); defaultConfigurationIsVisible = 0; defaultConfigurationName = Release; };
		AAD9E0B5E96870F2E0FF80A4 = { isa = PBXFileReference; lastKnownFileType = sourcecode.swift; path = "MiDineroTests/PersistenceTests.swift"; sourceTree = "<group>"; };
		AB409CCD0D4412F050F9643E = { isa = PBXFileReference; lastKnownFileType = sourcecode.swift; path = "MiDinero/App/MiDineroApp.swift"; sourceTree = "<group>"; };
		ABD25AA342296048DF797A76 = { isa = PBXFileReference; lastKnownFileType = sourcecode.swift; path = "MiDinero/Persistence/PersistenceController.swift"; sourceTree = "<group>"; };
		AE3E78CAD04E5CCD8B9A58A2 = { isa = PBXFileReference; lastKnownFileType = sourcecode.swift; path = "MiDinero/App/RootView.swift"; sourceTree = "<group>"; };
		AEF60F49EDECF7C7B85E0F99 = { isa = PBXFileReference; lastKnownFileType = text.plist.xml; path = "MiDinero/Resources/Info.plist"; sourceTree = "<group>"; };
		B23AFC430E4C9C7EADF8208D = { isa = PBXBuildFile; fileRef = 225DB36E05CB8676763206D8; };
		B4AD80DA7912DEC27554DB33 = { isa = PBXSourcesBuildPhase; buildActionMask = 2147483647; files = (5ED06FAECC64AAE330F3C5D8,); runOnlyForDeploymentPostprocessing = 0; };
		B7C32A8934011557E2419C3A = { isa = PBXFileReference; lastKnownFileType = sourcecode.swift; path = "MiDineroTests/Core/CSVExporterTests.swift"; sourceTree = "<group>"; };
		BC35A8661EC45F9455DF8BFA = { isa = PBXFileReference; lastKnownFileType = sourcecode.swift; path = "MiDinero/Features/Shortcuts/ShortcutHelpView.swift"; sourceTree = "<group>"; };
		BCD92062FEF2CE2CD38B988B = { isa = PBXFileReference; explicitFileType = wrapper.application; includeInIndex = 0; path = MiDinero.app; sourceTree = BUILT_PRODUCTS_DIR; };
		C85CCAE1EA53AEEFDD8DBD60 = { isa = PBXBuildFile; fileRef = 68A8D0EBFD67D9965CE5C637; };
		CAD930875BBD80A50EDC96B7 = { isa = PBXSourcesBuildPhase; buildActionMask = 2147483647; files = (5D7A98A3314A310E10FA4A6A, 29912DD77E3BB4D3D94F3136, E94DAB87A9EF9DD4DDFCA052, 2A304C7DFDDB6F8A16DC434C, 3EB66CE6ABFA98D2E482D041, 1C25FB35DD9E550B497E6A96,); runOnlyForDeploymentPostprocessing = 0; };
		D0E6539180C8C3C4697F0ED6 = { isa = PBXGroup; children = (225DB36E05CB8676763206D8, AB409CCD0D4412F050F9643E, AE3E78CAD04E5CCD8B9A58A2, 2EE8D417A18E72C5BDEB59EB, 4EBC7E6A84649F243865CBCB, 9DFD72BC5FC261A7708A0F22, 14994569DEA66AECFC58414A, 14127A4965BC9490DBDE9567, 406A9FE62DB3951F50E5F6FF, 7F1605CAE5F4CB6109D741BA, BC35A8661EC45F9455DF8BFA, 5098E64B888F5515D595C37A, 68A8D0EBFD67D9965CE5C637, 71D38AB04ADA7AD70C9749E2, 3BE1377FEC4B2B9B9D6F9362, 6429E2BB84C059CF3680A376, 70DBE92B4B90DE42EA1EEB08, ABD25AA342296048DF797A76, 7E76A85D3A19E6BDF70E1062, 4B1051FD0AB5AF2CD3E9977E, 4C2E22E2F3FCA0BB5ADE47D6, 470512A40694D88918A4CB13, AEF60F49EDECF7C7B85E0F99,); name = MiDinero; sourceTree = "<group>"; };
		D8BA47B3CB33709D9D3442C7 = { isa = PBXTargetDependency; target = 8B0BB1B10533A8A8777D7069; targetProxy = 03F1173C776A6CD755E1EBD5; };
		D94111737A4004C3E9EF6E15 = { isa = PBXTargetDependency; target = 8B0BB1B10533A8A8777D7069; targetProxy = 10F65B980105E5864365E5F1; };
		E94DAB87A9EF9DD4DDFCA052 = { isa = PBXBuildFile; fileRef = AA7C68307ADB6E2F9FF7CE48; };
		EAE12F8D3AC5EA2B64691B37 = { isa = PBXBuildFile; fileRef = AB409CCD0D4412F050F9643E; };
		EB7D4B0574EE0E14CEAA4E4B = { isa = PBXBuildFile; fileRef = 7F1605CAE5F4CB6109D741BA; };
		ED538F0883C4E3911AB96344 = { isa = PBXBuildFile; fileRef = ABD25AA342296048DF797A76; };
		F0A50DA798D70CE613FC431C = { isa = XCBuildConfiguration; buildSettings = { ASSETCATALOG_COMPILER_APPICON_NAME = "AppIcon"; CODE_SIGN_STYLE = "Automatic"; CURRENT_PROJECT_VERSION = "1"; ENABLE_PREVIEWS = "YES"; GENERATE_INFOPLIST_FILE = "NO"; INFOPLIST_FILE = "MiDinero/Resources/Info.plist"; IPHONEOS_DEPLOYMENT_TARGET = "17.0"; LD_RUNPATH_SEARCH_PATHS = "$(inherited) @executable_path/Frameworks"; MARKETING_VERSION = "0.1.0"; OTHER_SWIFT_FLAGS = "$(inherited) -enable-upcoming-feature InferSendableFromCaptures"; PRODUCT_BUNDLE_IDENTIFIER = "com.eduardo.MiDinero"; PRODUCT_NAME = "$(TARGET_NAME)"; SKIP_INSTALL = "NO"; SUPPORTED_PLATFORMS = "iphoneos iphonesimulator"; SUPPORTS_MACCATALYST = "NO"; SUPPORTS_MAC_DESIGNED_FOR_IPHONE_IPAD = "NO"; SWIFT_EMIT_LOC_STRINGS = "YES"; SWIFT_STRICT_CONCURRENCY = "complete"; SWIFT_VERSION = "5.0"; TARGETED_DEVICE_FAMILY = "1"; }; name = Debug; };
		F0C5189D5DE8EF25456978C9 = { isa = PBXResourcesBuildPhase; buildActionMask = 2147483647; files = (); runOnlyForDeploymentPostprocessing = 0; };
		F76DEFFFC587806F5200FC49 = { isa = PBXBuildFile; fileRef = 14994569DEA66AECFC58414A; };
		FE0DF5EDDCDC4B4027F739F8 = { isa = XCBuildConfiguration; buildSettings = { BUNDLE_LOADER = "$(TEST_HOST)"; CODE_SIGN_STYLE = "Automatic"; CURRENT_PROJECT_VERSION = "1"; GENERATE_INFOPLIST_FILE = "YES"; IPHONEOS_DEPLOYMENT_TARGET = "17.0"; LD_RUNPATH_SEARCH_PATHS = "$(inherited) @executable_path/Frameworks @loader_path/Frameworks"; MARKETING_VERSION = "0.1.0"; OTHER_SWIFT_FLAGS = "$(inherited) -enable-upcoming-feature InferSendableFromCaptures"; PRODUCT_BUNDLE_IDENTIFIER = "com.eduardo.MiDinero.MiDineroTests"; PRODUCT_NAME = "$(TARGET_NAME)"; SKIP_INSTALL = "YES"; SUPPORTED_PLATFORMS = "iphoneos iphonesimulator"; SUPPORTS_MACCATALYST = "NO"; SWIFT_STRICT_CONCURRENCY = "complete"; SWIFT_VERSION = "5.0"; TARGETED_DEVICE_FAMILY = "1"; TEST_HOST = "$(BUILT_PRODUCTS_DIR)/MiDinero.app/MiDinero"; }; name = Release; };
	};
	rootObject = 244210E48437B6556980A702;
}
