<?xml version="1.0" encoding="UTF-8"?>
<Scheme LastUpgradeVersion="1600" version="1.3">
  <BuildAction parallelizeBuildables="YES" buildImplicitDependencies="YES"><BuildActionEntries><BuildActionEntry buildForTesting="YES" buildForRunning="YES" buildForProfiling="YES" buildForArchiving="YES" buildForAnalyzing="YES"><BuildableReference BuildableIdentifier="primary" BlueprintIdentifier="8B0BB1B10533A8A8777D7069" BuildableName="MiDinero.app" BlueprintName="MiDinero" ReferencedContainer="container:MiDinero.xcodeproj"/></BuildActionEntry><BuildActionEntry buildForTesting="YES" buildForRunning="NO" buildForProfiling="NO" buildForArchiving="NO" buildForAnalyzing="YES"><BuildableReference BuildableIdentifier="primary" BlueprintIdentifier="1E6EF2502F6B25CFB40BBBF4" BuildableName="MiDineroTests.xctest" BlueprintName="MiDineroTests" ReferencedContainer="container:MiDinero.xcodeproj"/></BuildActionEntry><BuildActionEntry buildForTesting="YES" buildForRunning="NO" buildForProfiling="NO" buildForArchiving="NO" buildForAnalyzing="YES"><BuildableReference BuildableIdentifier="primary" BlueprintIdentifier="04ACAA16556D2FCC8E13BCBF" BuildableName="MiDineroUITests.xctest" BlueprintName="MiDineroUITests" ReferencedContainer="container:MiDinero.xcodeproj"/></BuildActionEntry></BuildActionEntries></BuildAction>
  <TestAction buildConfiguration="Debug" selectedDebuggerIdentifier="Xcode.DebuggerFoundation.Debugger.LLDB" selectedLauncherIdentifier="Xcode.IDEFoundation.Launcher.LLDB" shouldUseLaunchSchemeArgsEnv="YES">
    <Testables><TestableReference skipped="NO" parallelizable="NO"><BuildableReference BuildableIdentifier="primary" BlueprintIdentifier="1E6EF2502F6B25CFB40BBBF4" BuildableName="MiDineroTests.xctest" BlueprintName="MiDineroTests" ReferencedContainer="container:MiDinero.xcodeproj"/></TestableReference><TestableReference skipped="NO" parallelizable="NO"><BuildableReference BuildableIdentifier="primary" BlueprintIdentifier="04ACAA16556D2FCC8E13BCBF" BuildableName="MiDineroUITests.xctest" BlueprintName="MiDineroUITests" ReferencedContainer="container:MiDinero.xcodeproj"/></TestableReference></Testables>
  </TestAction>
  <LaunchAction buildConfiguration="Debug" selectedDebuggerIdentifier="Xcode.DebuggerFoundation.Debugger.LLDB" selectedLauncherIdentifier="Xcode.IDEFoundation.Launcher.LLDB" launchStyle="0" useCustomWorkingDirectory="NO" ignoresPersistentStateOnLaunch="NO" debugDocumentVersioning="YES" debugServiceExtension="internal" allowLocationSimulation="YES"><BuildableProductRunnable runnableDebuggingMode="0"><BuildableReference BuildableIdentifier="primary" BlueprintIdentifier="8B0BB1B10533A8A8777D7069" BuildableName="MiDinero.app" BlueprintName="MiDinero" ReferencedContainer="container:MiDinero.xcodeproj"/></BuildableProductRunnable></LaunchAction>
  <ProfileAction buildConfiguration="Release" shouldUseLaunchSchemeArgsEnv="YES" savedToolIdentifier="" useCustomWorkingDirectory="NO" debugDocumentVersioning="YES"><BuildableProductRunnable runnableDebuggingMode="0"><BuildableReference BuildableIdentifier="primary" BlueprintIdentifier="8B0BB1B10533A8A8777D7069" BuildableName="MiDinero.app" BlueprintName="MiDinero" ReferencedContainer="container:MiDinero.xcodeproj"/></BuildableProductRunnable></ProfileAction>
  <AnalyzeAction buildConfiguration="Debug"/>
  <ArchiveAction buildConfiguration="Release" revealArchiveInOrganizer="YES"/>
</Scheme>
